
Microsoft Visual Studio Solution File, Format Version 12.00
# Visual Studio Version 17
VisualStudioVersion = 17.7.34031.279
MinimumVisualStudioVersion = 10.0.40219.1
Project("{FAE04EC0-301F-11D3-BF4B-00C04F79EFBC}") = "polimorphysam", "polimorphysam\polimorphysam.csproj", "{B8FE97AE-F21B-4A18-BD7E-1B1C04687CB4}"
EndProject
Project("{9A19103F-16F7-4668-BE54-9A1E7A4F7556}") = "Shapes", "..\..\..\Desktop\Shapes\Shapes.csproj", "{CCC81E4F-4F19-4BA6-83C3-B0472D87C0B2}"
EndProject
Project("{9A19103F-16F7-4668-BE54-9A1E7A4F7556}") = "Cars", "..\..\..\Desktop\Cars\Cars.csproj", "{62E173FE-3972-44E1-AB9B-220FD0EF1E30}"
EndProject
Project("{9A19103F-16F7-4668-BE54-9A1E7A4F7556}") = "Animals", "..\..\..\Desktop\Animals\Animals.csproj", "{E5ED2968-8277-4AE9-B046-5B65E7142C55}"
EndProject
Project("{9A19103F-16F7-4668-BE54-9A1E7A4F7556}") = "Raiding", "..\..\..\Desktop\Raiding\Raiding.csproj", "{B7C02C81-D9E5-4D76-8D56-EA15D3BCD3B6}"
EndProject
Global
	GlobalSection(SolutionConfigurationPlatforms) = preSolution
		Debug|Any CPU = Debug|Any CPU
		Release|Any CPU = Release|Any CPU
	EndGlobalSection
	GlobalSection(ProjectConfigurationPlatforms) = postSolution
		{B8FE97AE-F21B-4A18-BD7E-1B1C04687CB4}.Debug|Any CPU.ActiveCfg = Debug|Any CPU
		{B8FE97AE-F21B-4A18-BD7E-1B1C04687CB4}.Debug|Any CPU.Build.0 = Debug|Any CPU
		{B8FE97AE-F21B-4A18-BD7E-1B1C04687CB4}.Release|Any CPU.ActiveCfg = Release|Any CPU
		{B8FE97AE-F21B-4A18-BD7E-1B1C04687CB4}.Release|Any CPU.Build.0 = Release|Any CPU
		{CCC81E4F-4F19-4BA6-83C3-B0472D87C0B2}.Debug|Any CPU.ActiveCfg = Debug|Any CPU
		{CCC81E4F-4F19-4BA6-83C3-B0472D87C0B2}.Debug|Any CPU.Build.0 = Debug|Any CPU
		{CCC81E4F-4F19-4BA6-83C3-B0472D87C0B2}.Release|Any CPU.ActiveCfg = Release|Any CPU
		{CCC81E4F-4F19-4BA6-83C3-B0472D87C0B2}.Release|Any CPU.Build.0 = Release|Any CPU
		{62E173FE-3972-44E1-AB9B-220FD0EF1E30}.Debug|Any CPU.ActiveCfg = Debug|Any CPU
		{62E173FE-3972-44E1-AB9B-220FD0EF1E30}.Debug|Any CPU.Build.0 = Debug|Any CPU
		{62E173FE-3972-44E1-AB9B-220FD0EF1E30}.Release|Any CPU.ActiveCfg = Release|Any CPU
		{62E173FE-3972-44E1-AB9B-220FD0EF1E30}.Release|Any CPU.Build.0 = Release|Any CPU
		{E5ED2968-8277-4AE9-B046-5B65E7142C55}.Debug|Any CPU.ActiveCfg = Debug|Any CPU
		{E5ED2968-8277-4AE9-B046-5B65E7142C55}.Debug|Any CPU.Build.0 = Debug|Any CPU
		{E5ED2968-8277-4AE9-B046-5B65E7142C55}.Release|Any CPU.ActiveCfg = Release|Any CPU
		{E5ED2968-8277-4AE9-B046-5B65E7142C55}.Release|Any CPU.Build.0 = Release|Any CPU
		{B7C02C81-D9E5-4D76-8D56-EA15D3BCD3B6}.Debug|Any CPU.ActiveCfg = Debug|Any CPU
		{B7C02C81-D9E5-4D76-8D56-EA15D3BCD3B6}.Debug|Any CPU.Build.0 = Debug|Any CPU
		{B7C02C81-D9E5-4D76-8D56-EA15D3BCD3B6}.Release|Any CPU.ActiveCfg = Release|Any CPU
		{B7C02C81-D9E5-4D76-8D56-EA15D3BCD3B6}.Release|Any CPU.Build.0 = Release|Any CPU
	EndGlobalSection
	GlobalSection(SolutionProperties) = preSolution
		HideSolutionNode = FALSE
	EndGlobalSection
	GlobalSection(ExtensibilityGlobals) = postSolution
		SolutionGuid = {926B3CAA-B956-49C5-A288-CEAE5E355900}
	EndGlobalSection
EndGlobal
